version: 6
environments:
  default:
    channels:
    - url: https://conda.anaconda.org/conda-forge/
    options:
      pypi-prerelease-mode: if-necessary-or-explicit
    packages:
      linux-64:
      - conda: https://conda.anaconda.org/conda-forge/linux-64/_libgcc_mutex-0.1-conda_forge.tar.bz2
      - conda: https://conda.anaconda.org/conda-forge/linux-64/_openmp_mutex-4.5-2_gnu.tar.bz2
      - conda: https://conda.anaconda.org/conda-forge/noarch/ca-certificates-2025.8.3-hbd8a1cb_0.conda
      - conda: https://conda.anaconda.org/conda-forge/linux-64/dart-sass-1.59.1-ha770c72_0.conda
      - conda: https://conda.anaconda.org/conda-forge/linux-64/deno-1.46.3-hcab8b69_0.conda
      - conda: https://conda.anaconda.org/conda-forge/linux-64/deno-dom-0.1.41-h4768de7_0.conda
      - conda: https://conda.anaconda.org/conda-forge/linux-64/esbuild-0.25.9-hfc2019e_0.conda
      - conda: https://conda.anaconda.org/conda-forge/linux-64/libgcc-15.1.0-h767d61c_4.conda
      - conda: https://conda.anaconda.org/conda-forge/linux-64/libgomp-15.1.0-h767d61c_4.conda
      - conda: https://conda.anaconda.org/conda-forge/linux-64/openssl-3.5.2-h26f9b46_0.conda
      - conda: https://conda.anaconda.org/conda-forge/linux-64/pandoc-3.6.3-ha770c72_0.conda
      - conda: https://conda.anaconda.org/conda-forge/linux-64/quarto-1.7.33-ha770c72_0.conda
      - conda: https://conda.anaconda.org/conda-forge/linux-64/typst-0.13.0-h53e704d_0.conda
      osx-64:
      - conda: https://conda.anaconda.org/conda-forge/noarch/ca-certificates-2026.1.4-hbd8a1cb_0.conda
      - conda: https://conda.anaconda.org/conda-forge/osx-64/dart-sass-1.59.1-h694c41f_0.conda
      - conda: https://conda.anaconda.org/conda-forge/osx-64/deno-2.3.1-hf23d6f5_0.conda
      - conda: https://conda.anaconda.org/conda-forge/osx-64/deno-dom-0.1.41-h51332c3_0.conda
      - conda: https://conda.anaconda.org/conda-forge/osx-64/esbuild-0.27.2-hccc6df8_0.conda
      - conda: https://conda.anaconda.org/conda-forge/osx-64/icu-75.1-h120a0e1_0.conda
      - conda: https://conda.anaconda.org/conda-forge/osx-64/libcxx-21.1.8-h3d58e20_0.conda
      - conda: https://conda.anaconda.org/conda-forge/osx-64/libuv-1.51.0-h58003a5_1.conda
      - conda: https://conda.anaconda.org/conda-forge/osx-64/libzlib-1.3.1-hd23fc13_2.conda
      - conda: https://conda.anaconda.org/conda-forge/osx-64/nodejs-22.21.1-he996136_0.conda
      - conda: https://conda.anaconda.org/conda-forge/osx-64/openssl-3.6.0-h230baf5_0.conda
      - conda: https://conda.anaconda.org/conda-forge/osx-64/pandoc-3.6.3-h694c41f_0.conda
      - conda: https://conda.anaconda.org/conda-forge/osx-64/quarto-1.8.26-h046caca_0.conda
      - conda: https://conda.anaconda.org/conda-forge/osx-64/typst-0.13.0-h371c88c_0.conda
      osx-arm64:
      - conda: https://conda.anaconda.org/conda-forge/osx-arm64/dart-sass-1.59.1-hce30654_0.conda
      - conda: https://conda.anaconda.org/conda-forge/osx-arm64/deno-2.3.1-hfb52844_0.conda
      - conda: https://conda.anaconda.org/conda-forge/osx-arm64/deno-dom-0.1.41-hde76f7a_0.conda
      - conda: https://conda.anaconda.org/conda-forge/osx-arm64/esbuild-0.27.2-h820172f_0.conda
      - conda: https://conda.anaconda.org/conda-forge/osx-arm64/libzlib-1.3.1-h8359307_2.conda
      - conda: https://conda.anaconda.org/conda-forge/osx-arm64/pandoc-3.6.3-hce30654_0.conda
      - conda: https://conda.anaconda.org/conda-forge/osx-arm64/quarto-1.8.26-hb67532b_0.conda
      - conda: https://conda.anaconda.org/conda-forge/osx-arm64/typst-0.13.0-h0716509_0.conda
      win-64:
      - conda: https://conda.anaconda.org/conda-forge/win-64/dart-sass-1.59.1-h57928b3_0.conda
      - conda: https://conda.anaconda.org/conda-forge/win-64/deno-2.3.1-hf25ef54_0.conda
      - conda: https://conda.anaconda.org/conda-forge/win-64/deno-dom-0.1.41-h1a6af48_0.conda
      - conda: https://conda.anaconda.org/conda-forge/win-64/esbuild-0.27.2-h11686cb_0.conda
      - conda: https://conda.anaconda.org/conda-forge/win-64/libzlib-1.3.1-h2466b09_2.conda
      - conda: https://conda.anaconda.org/conda-forge/win-64/nodejs-22.21.1-he453025_0.conda
      - conda: https://conda.anaconda.org/conda-forge/win-64/pandoc-3.6.3-h57928b3_0.conda
      - conda: https://conda.anaconda.org/conda-forge/win-64/quarto-1.8.26-hfeaa22a_0.conda
      - conda: https://conda.anaconda.org/conda-forge/win-64/typst-0.13.0-ha073cba_0.conda
      - conda: https://conda.anaconda.org/conda-forge/win-64/ucrt-10.0.26100.0-h57928b3_0.conda
      - conda: https://conda.anaconda.org/conda-forge/win-64/vc-14.3-h41ae7f8_34.conda
      - conda: https://conda.anaconda.org/conda-forge/win-64/vc14_runtime-14.44.35208-h818238b_34.conda
      - conda: https://conda.anaconda.org/conda-forge/win-64/vcomp14-14.44.35208-h818238b_34.conda
packages:
- conda: https://conda.anaconda.org/conda-forge/linux-64/_libgcc_mutex-0.1-conda_forge.tar.bz2
  sha256: fe51de6107f9edc7aa4f786a70f4a883943bc9d39b3bb7307c04c41410990726
  md5: d7c89558ba9fa0495403155b64376d81
  license: None
  size: 2562
  timestamp: 1578324546067
- conda: https://conda.anaconda.org/conda-forge/linux-64/_openmp_mutex-4.5-2_gnu.tar.bz2
  build_number: 16
  sha256: fbe2c5e56a653bebb982eda4876a9178aedfc2b545f25d0ce9c4c0b508253d22
  md5: 73aaf86a425cc6e73fcf236a5a46396d
  depends:
  - _libgcc_mutex 0.1 conda_forge
  - libgomp >=7.5.0
  constrains:
  - openmp_impl 9999
  license: BSD-3-Clause
  license_family: BSD
  size: 23621
  timestamp: 1650670423406
- conda: https://conda.anaconda.org/conda-forge/noarch/ca-certificates-2025.8.3-hbd8a1cb_0.conda
  sha256: 837b795a2bb39b75694ba910c13c15fa4998d4bb2a622c214a6a5174b2ae53d1
  md5: 74784ee3d225fc3dca89edb635b4e5cc
  depends:
  - __unix
  license: ISC
  size: 154402
  timestamp: 1754210968730
- conda: https://conda.anaconda.org/conda-forge/noarch/ca-certificates-2026.1.4-hbd8a1cb_0.conda
  sha256: b5974ec9b50e3c514a382335efa81ed02b05906849827a34061c496f4defa0b2
  md5: bddacf101bb4dd0e51811cb69c7790e2
  depends:
  - __unix
  license: ISC
  size: 146519
  timestamp: 1767500828366
- conda: https://conda.anaconda.org/conda-forge/linux-64/dart-sass-1.59.1-ha770c72_0.conda
  sha256: 5eae84d272c5706dd4a733a4a3912e6a1d9d02fcd53546b26c44d4f0f7f104bc
  md5: de2018928d25b2cf33d0634f908554ef
  license: MIT
  license_family: MIT
  size: 2970979
  timestamp: 1747420497129
- conda: https://conda.anaconda.org/conda-forge/osx-64/dart-sass-1.59.1-h694c41f_0.conda
  sha256: 79c82d53e85978922d43be3a2f7309c88677db7c7e894e8eec8e4790ceb3ca01
  md5: fefbbbab921f8fd44099a8de9d6368c4
  license: MIT
  license_family: MIT
  size: 2831237
  timestamp: 1747420724479
- conda: https://conda.anaconda.org/conda-forge/osx-arm64/dart-sass-1.59.1-hce30654_0.conda
  sha256: ab31b6ddd47766305f92071ae22e6ed35db09f8b1b0cc372bb562d2e60a7e98e
  md5: 217f2882952b396525f65c213785ba3b
  license: MIT
  license_family: MIT
  size: 2558960
  timestamp: 1747420435027
- conda: https://conda.anaconda.org/conda-forge/win-64/dart-sass-1.59.1-h57928b3_0.conda
  sha256: d8599cab2a09b725bf9fb9de72513cd6253162f07679213874361db5284c4e8a
  md5: 7b884d6ae77792e5fdb47cc5c43f0676
  license: MIT
  license_family: MIT
  size: 2866045
  timestamp: 1747420839766
- conda: https://conda.anaconda.org/conda-forge/linux-64/deno-1.46.3-hcab8b69_0.conda
  sha256: 704bb88a744aacab35c159929d6aee8216e7731e920f7d28254a721059dde4b1
  md5: f8410ffda105ab8d380990bbdf9f266f
  depends:
  - __glibc >=2.17,<3.0.a0
  - libgcc >=13
  constrains:
  - __glibc >=2.17
  license: MIT
  license_family: MIT
  size: 39585861
  timestamp: 1726025052074
- conda: https://conda.anaconda.org/conda-forge/osx-64/deno-2.3.1-hf23d6f5_0.conda
  sha256: e73acc3206cc3fd8d82008d2820f561e6e56b03fde115f23da6c9fbd53b128d5
  md5: 82c2d883a68f468dc90fc152d5de9d45
  depends:
  - __osx >=11.0
  - libzlib >=1.3.1,<2.0a0
  constrains:
  - __osx >=10.13
  license: MIT
  license_family: MIT
  size: 40154464
  timestamp: 1746124061922
- conda: https://conda.anaconda.org/conda-forge/osx-arm64/deno-2.3.1-hfb52844_0.conda
  sha256: 7f312e5cb46c97bfb774e817d4a5696b8a0cc8f453c112bca47fdbca22bbfbaa
  md5: b42cc63eb1fe7229367d94903381b655
  depends:
  - libzlib >=1.3.1,<2.0a0
  constrains:
  - __osx >=11.0
  license: MIT
  license_family: MIT
  size: 30391376
  timestamp: 1746121975163
- conda: https://conda.anaconda.org/conda-forge/win-64/deno-2.3.1-hf25ef54_0.conda
  sha256: 5c865b702d6513e0ea3ea19b89914fc228c480d8597739fbdc0bc30458b1349f
  md5: a71768884ddedb4d1816f8a08455ce44
  depends:
  - libzlib >=1.3.1,<2.0a0
  - ucrt >=10.0.20348.0
  - vc >=14.2,<15
  - vc14_runtime >=14.29.30139
  license: MIT
  license_family: MIT
  size: 40845584
  timestamp: 1746124915675
- conda: https://conda.anaconda.org/conda-forge/linux-64/deno-dom-0.1.41-h4768de7_0.conda
  sha256: 2726829e1a6117dc9555a2088a4ebaa05035218b8791106f036ba73f15b1b13e
  md5: 89e80615c6b1b1ae4f5267bfc5fc7f66
  depends:
  - __glibc >=2.17,<3.0.a0
  - deno >=1.24.2
  constrains:
  - __glibc >=2.17
  license: MIT
  license_family: MIT
  size: 433150
  timestamp: 1736703310469
- conda: https://conda.anaconda.org/conda-forge/osx-64/deno-dom-0.1.41-h51332c3_0.conda
  sha256: b7d8621033ac310f40e083ee1157db9aaa178b7355dbd74be54ca1f0f4b517ce
  md5: 6f8f4a8487f87f13e0c43b15ee9b1541
  depends:
  - __osx >=10.13
  - deno >=1.24.2
  constrains:
  - __osx >=10.13
  license: MIT
  license_family: MIT
  size: 369080
  timestamp: 1736703484876
- conda: https://conda.anaconda.org/conda-forge/osx-arm64/deno-dom-0.1.41-hde76f7a_0.conda
  sha256: 4a92d9c785bccae80961875900eb7b86149737b7a219e66b27dfcbfff4a1798b
  md5: 02bff7fa3d076f6351ef027cd682c6e4
  depends:
  - __osx >=11.0
  - deno >=1.24.2
  constrains:
  - __osx >=11.0
  license: MIT
  license_family: MIT
  size: 367613
  timestamp: 1736703524102
- conda: https://conda.anaconda.org/conda-forge/win-64/deno-dom-0.1.41-h1a6af48_0.conda
  sha256: 199ed9fea4d58cea10572cc5a7fb3ad0fbefd189cb785667639dbfc4210ed2ab
  md5: 84bc9003c48bf69d4663b00f692404cb
  depends:
  - deno >=1.24.2
  - ucrt >=10.0.20348.0
  - vc >=14.3,<15
  - vc14_runtime >=14.42.34433
  license: MIT
  license_family: MIT
  size: 294346
  timestamp: 1736703764252
- conda: https://conda.anaconda.org/conda-forge/linux-64/esbuild-0.25.9-hfc2019e_0.conda
  sha256: d8916248880b129734357f76dc51a0a595a72b6d0d22d691250fe90d8094967a
  md5: 37dd55299d6c44d5ad79dce2386df011
  license: MIT
  license_family: MIT
  size: 4320313
  timestamp: 1755057047619
- conda: https://conda.anaconda.org/conda-forge/osx-64/esbuild-0.27.2-hccc6df8_0.conda
  sha256: ac558ea37f4c57b8d82fbf4f9df783bc4cee75b5961aa923a7e82a2f878d5c6c
  md5: ab7bca004c8308c1a62e59fc89a47843
  constrains:
  - __osx >=10.12
  license: MIT
  license_family: MIT
  size: 4337353
  timestamp: 1765944330176
- conda: https://conda.anaconda.org/conda-forge/osx-arm64/esbuild-0.27.2-h820172f_0.conda
  sha256: 2e23ea54fcf414e74dcaa2b97d3764cc85e6914961091596af4c84b1e5436b68
  md5: 88bfae991b739ced6f772a0d0be60793
  license: MIT
  license_family: MIT
  size: 3993130
  timestamp: 1765944371859
- conda: https://conda.anaconda.org/conda-forge/win-64/esbuild-0.27.2-h11686cb_0.conda
  sha256: c6036b7ac38f8b01701f8705a979c9558bc7da9c125c78641c375897c056d7b8
  md5: b988ee500d0969f680bd3e0ede4ed6a1
  license: MIT
  license_family: MIT
  size: 4328838
  timestamp: 1765944354827
- conda: https://conda.anaconda.org/conda-forge/osx-64/icu-75.1-h120a0e1_0.conda
  sha256: 2e64307532f482a0929412976c8450c719d558ba20c0962832132fd0d07ba7a7
  md5: d68d48a3060eb5abdc1cdc8e2a3a5966
  depends:
  - __osx >=10.13
  license: MIT
  license_family: MIT
  size: 11761697
  timestamp: 1720853679409
- conda: https://conda.anaconda.org/conda-forge/osx-64/libcxx-21.1.8-h3d58e20_0.conda
  sha256: cbd8e821e97436d8fc126c24b50df838b05ba4c80494fbb93ccaf2e3b2d109fb
  md5: 9f8a60a77ecafb7966ca961c94f33bd1
  depends:
  - __osx >=10.13
  license: Apache-2.0 WITH LLVM-exception
  license_family: Apache
  size: 569777
  timestamp: 1765919624323
- conda: https://conda.anaconda.org/conda-forge/linux-64/libgcc-15.1.0-h767d61c_4.conda
  sha256: 144e35c1c2840f2dc202f6915fc41879c19eddbb8fa524e3ca4aa0d14018b26f
  md5: f406dcbb2e7bef90d793e50e79a2882b
  depends:
  - __glibc >=2.17,<3.0.a0
  - _openmp_mutex >=4.5
  constrains:
  - libgcc-ng ==15.1.0=*_4
  - libgomp 15.1.0 h767d61c_4
  license: GPL-3.0-only WITH GCC-exception-3.1
  license_family: GPL
  size: 824153
  timestamp: 1753903866511
- conda: https://conda.anaconda.org/conda-forge/linux-64/libgomp-15.1.0-h767d61c_4.conda
  sha256: e0487a8fec78802ac04da0ac1139c3510992bc58a58cde66619dde3b363c2933
  md5: 3baf8976c96134738bba224e9ef6b1e5
  depends:
  - __glibc >=2.17,<3.0.a0
  license: GPL-3.0-only WITH GCC-exception-3.1
  license_family: GPL
  size: 447289
  timestamp: 1753903801049
- conda: https://conda.anaconda.org/conda-forge/osx-64/libuv-1.51.0-h58003a5_1.conda
  sha256: d90dd0eee6f195a5bd14edab4c5b33be3635b674b0b6c010fb942b956aa2254c
  md5: fbfc6cf607ae1e1e498734e256561dc3
  depends:
  - __osx >=10.13
  license: MIT
  license_family: MIT
  size: 422612
  timestamp: 1753948458902
- conda: https://conda.anaconda.org/conda-forge/osx-64/libzlib-1.3.1-hd23fc13_2.conda
  sha256: 8412f96504fc5993a63edf1e211d042a1fd5b1d51dedec755d2058948fcced09
  md5: 003a54a4e32b02f7355b50a837e699da
  depends:
  - __osx >=10.13
  constrains:
  - zlib 1.3.1 *_2
  license: Zlib
  license_family: Other
  size: 57133
  timestamp: 1727963183990
- conda: https://conda.anaconda.org/conda-forge/osx-arm64/libzlib-1.3.1-h8359307_2.conda
  sha256: ce34669eadaba351cd54910743e6a2261b67009624dbc7daeeafdef93616711b
  md5: 369964e85dc26bfe78f41399b366c435
  depends:
  - __osx >=11.0
  constrains:
  - zlib 1.3.1 *_2
  license: Zlib
  license_family: Other
  size: 46438
  timestamp: 1727963202283
- conda: https://conda.anaconda.org/conda-forge/win-64/libzlib-1.3.1-h2466b09_2.conda
  sha256: ba945c6493449bed0e6e29883c4943817f7c79cbff52b83360f7b341277c6402
  md5: 41fbfac52c601159df6c01f875de31b9
  depends:
  - ucrt >=10.0.20348.0
  - vc >=14.2,<15
  - vc14_runtime >=14.29.30139
  constrains:
  - zlib 1.3.1 *_2
  license: Zlib
  license_family: Other
  size: 55476
  timestamp: 1727963768015
- conda: https://conda.anaconda.org/conda-forge/osx-64/nodejs-22.21.1-he996136_0.conda
  sha256: 57b699c1b65dab335e37cbada082a842751470bb1f883b9980da8c8756ae0d9c
  md5: 45d8d6a8f9eea443c650a3dca8a9d7bb
  depends:
  - libcxx >=19
  - __osx >=10.15
  - openssl >=3.5.4,<4.0a0
  - libuv >=1.51.0,<2.0a0
  - libzlib >=1.3.1,<2.0a0
  - icu >=75.1,<76.0a0
  license: MIT
  license_family: MIT
  size: 17689796
  timestamp: 1765374535104
- conda: https://conda.anaconda.org/conda-forge/win-64/nodejs-22.21.1-he453025_0.conda
  sha256: b0f3bfbd1682c5e73ea424368c57b3a6b411e6368dadaf1c8cf4772723787513
  md5: df959f61eb2ce7872c981a2719a36e18
  license: MIT
  license_family: MIT
  size: 29798671
  timestamp: 1765374524747
- conda: https://conda.anaconda.org/conda-forge/linux-64/openssl-3.5.2-h26f9b46_0.conda
  sha256: c9f54d4e8212f313be7b02eb962d0cb13a8dae015683a403d3accd4add3e520e
  md5: ffffb341206dd0dab0c36053c048d621
  depends:
  - __glibc >=2.17,<3.0.a0
  - ca-certificates
  - libgcc >=14
  license: Apache-2.0
  license_family: Apache
  size: 3128847
  timestamp: 1754465526100
- conda: https://conda.anaconda.org/conda-forge/osx-64/openssl-3.6.0-h230baf5_0.conda
  sha256: 36fe9fb316be22fcfb46d5fa3e2e85eec5ef84f908b7745f68f768917235b2d5
  md5: 3f50cdf9a97d0280655758b735781096
  depends:
  - __osx >=10.13
  - ca-certificates
  license: Apache-2.0
  license_family: Apache
  size: 2778996
  timestamp: 1762840724922
- conda: https://conda.anaconda.org/conda-forge/linux-64/pandoc-3.6.3-ha770c72_0.conda
  sha256: a7392b0d5403676b0b3ab9ff09c1e65d8ab9e1c34349bba9be605d76cf622640
  md5: 16ff7c679250dc09f9732aab14408d2c
  license: GPL-2.0-or-later
  license_family: GPL
  size: 21334851
  timestamp: 1739197772385
- conda: https://conda.anaconda.org/conda-forge/osx-64/pandoc-3.6.3-h694c41f_0.conda
  sha256: 1133230f40d30e3eaa03e209800800751423360193fdc7e6523771125b72daa8
  md5: eb1ef420766e7f9bd8f61a2bc7c2961d
  license: GPL-2.0-or-later
  license_family: GPL
  size: 14312999
  timestamp: 1739197821852
- conda: https://conda.anaconda.org/conda-forge/osx-arm64/pandoc-3.6.3-hce30654_0.conda
  sha256: 2013114d2405b4a4e9d9b62522eb09111e1b9e3cd2e902a42e7ccc8a88a2b05a
  md5: 41603d280df06636257acd79ea326be9
  license: GPL-2.0-or-later
  license_family: GPL
  size: 23273280
  timestamp: 1739197846659
- conda: https://conda.anaconda.org/conda-forge/win-64/pandoc-3.6.3-h57928b3_0.conda
  sha256: ffdb8fd1da7419f6625c8b2339a12f9669a705ada4177b763cc796c60763f734
  md5: 9b999036cccf0d5a94ed3c0b0edbb905
  license: GPL-2.0-or-later
  license_family: GPL
  size: 25331299
  timestamp: 1739198094952
- conda: https://conda.anaconda.org/conda-forge/linux-64/quarto-1.7.33-ha770c72_0.conda
  sha256: 86385aab764b05099f0ea8959510fb70a804cbe5c0294a6777d19f3b9c6aef2d
  md5: 0a7ad8dc3e969fb49e38074c93d3b5b8
  depends:
  - dart-sass
  - deno >=1.46.3,<1.46.4.0a0
  - deno-dom >=0.1.41,<0.1.42.0a0
  - esbuild
  - pandoc 3.6.3
  - typst 0.13.0
  license: MIT
  license_family: MIT
  size: 16561225
  timestamp: 1754537016289
- conda: https://conda.anaconda.org/conda-forge/osx-64/quarto-1.8.26-h046caca_0.conda
  sha256: 64791f221a0c335819edf10c3c06e6f1afe236cb5c29d4fbcc4e9dd7155859dd
  md5: 232189a4ffc4cab37ab6bc0d7c9b9382
  depends:
  - dart-sass
  - deno >=2.3.1,<2.3.2.0a0
  - deno-dom >=0.1.41,<0.1.42.0a0
  - esbuild
  - nodejs >=22.19.0,<23.0a0
  - pandoc 3.6.3
  - typst 0.13.0
  license: MIT
  license_family: MIT
  size: 22727286
  timestamp: 1763140748118
- conda: https://conda.anaconda.org/conda-forge/osx-arm64/quarto-1.8.26-hb67532b_0.conda
  sha256: ce527762d17ad8d326c6971138d58b8224944c1a67b53ee468ba6aa5727ffa85
  md5: 8cfbc54e80ec128981d98be28eeb7aa5
  depends:
  - dart-sass
  - deno >=2.3.1,<2.3.2.0a0
  - deno-dom >=0.1.41,<0.1.42.0a0
  - esbuild
  - pandoc 3.6.3
  - typst 0.13.0
  license: MIT
  license_family: MIT
  size: 22820082
  timestamp: 1763140649753
- conda: https://conda.anaconda.org/conda-forge/win-64/quarto-1.8.26-hfeaa22a_0.conda
  sha256: 8afadc45c42ff81ed21803beadba7d7dfaa174dbf4fcdd37b2de7851a65c2074
  md5: 1b23d148212b823a1cb38b320c207349
  depends:
  - dart-sass
  - deno >=2.3.1,<2.3.2.0a0
  - deno-dom >=0.1.41,<0.1.42.0a0
  - esbuild
  - nodejs >=22.19.0,<23.0a0
  - pandoc 3.6.3
  - typst 0.13.0
  license: MIT
  license_family: MIT
  size: 22709285
  timestamp: 1763140403392
- conda: https://conda.anaconda.org/conda-forge/linux-64/typst-0.13.0-h53e704d_0.conda
  sha256: 9e3a74bc40c6b488aae852c6ddc0001cd69617601c1495b83935a04a299e17b9
  md5: 7b875caf2669fa52b44de7e70a726fc4
  depends:
  - __glibc >=2.17,<3.0.a0
  - libgcc >=13
  - openssl >=3.4.1,<4.0a0
  constrains:
  - __glibc >=2.17
  license: Apache-2.0
  license_family: Apache
  size: 13182998
  timestamp: 1739976137636
- conda: https://conda.anaconda.org/conda-forge/osx-64/typst-0.13.0-h371c88c_0.conda
  sha256: 57c7c43948d0bbf5dfba99d1266aa25b2ce46d914f09a0a8b513fbe379118df9
  md5: 970a8a6cd0bac7fdc4ab70babe60d182
  depends:
  - __osx >=10.13
  constrains:
  - __osx >=10.13
  license: Apache-2.0
  license_family: Apache
  size: 12943165
  timestamp: 1739976370448
- conda: https://conda.anaconda.org/conda-forge/osx-arm64/typst-0.13.0-h0716509_0.conda
  sha256: 437d1fcf1f29ec61f530a6f1299970bfdc04a52fe546d0ccf21563f5db26a5af
  md5: fcc809661fab9e87dfa21e35fe33299a
  depends:
  - __osx >=11.0
  constrains:
  - __osx >=11.0
  license: Apache-2.0
  license_family: Apache
  size: 12553348
  timestamp: 1739976396186
- conda: https://conda.anaconda.org/conda-forge/win-64/typst-0.13.0-ha073cba_0.conda
  sha256: 25f27ecedc6704c25fd585e0c526d21ac33d0806d3493dcf669213b1e8ca1f53
  md5: c081083e160c80c00521871c9446495e
  depends:
  - ucrt >=10.0.20348.0
  - vc >=14.2,<15
  - vc14_runtime >=14.29.30139
  license: Apache-2.0
  license_family: Apache
  size: 13133057
  timestamp: 1739977188460
- conda: https://conda.anaconda.org/conda-forge/win-64/ucrt-10.0.26100.0-h57928b3_0.conda
  sha256: 3005729dce6f3d3f5ec91dfc49fc75a0095f9cd23bab49efb899657297ac91a5
  md5: 71b24316859acd00bdb8b38f5e2ce328
  constrains:
  - vc14_runtime >=14.29.30037
  - vs2015_runtime >=14.29.30037
  license: LicenseRef-MicrosoftWindowsSDK10
  size: 694692
  timestamp: 1756385147981
- conda: https://conda.anaconda.org/conda-forge/win-64/vc-14.3-h41ae7f8_34.conda
  sha256: 9dc40c2610a6e6727d635c62cced5ef30b7b30123f5ef67d6139e23d21744b3a
  md5: 1e610f2416b6acdd231c5f573d754a0f
  depends:
  - vc14_runtime >=14.44.35208
  track_features:
  - vc14
  license: BSD-3-Clause
  license_family: BSD
  size: 19356
  timestamp: 1767320221521
- conda: https://conda.anaconda.org/conda-forge/win-64/vc14_runtime-14.44.35208-h818238b_34.conda
  sha256: 02732f953292cce179de9b633e74928037fa3741eb5ef91c3f8bae4f761d32a5
  md5: 37eb311485d2d8b2c419449582046a42
  depends:
  - ucrt >=10.0.20348.0
  - vcomp14 14.44.35208 h818238b_34
  constrains:
  - vs2015_runtime 14.44.35208.* *_34
  license: LicenseRef-MicrosoftVisualCpp2015-2022Runtime
  license_family: Proprietary
  size: 683233
  timestamp: 1767320219644
- conda: https://conda.anaconda.org/conda-forge/win-64/vcomp14-14.44.35208-h818238b_34.conda
  sha256: 878d5d10318b119bd98ed3ed874bd467acbe21996e1d81597a1dbf8030ea0ce6
  md5: 242d9f25d2ae60c76b38a5e42858e51d
  depends:
  - ucrt >=10.0.20348.0
  constrains:
  - vs2015_runtime 14.44.35208.* *_34
  license: LicenseRef-MicrosoftVisualCpp2015-2022Runtime
  license_family: Proprietary
  size: 115235
  timestamp: 1767320173250
